{
  "name": "svenkreiss.github.io",
  "version": "1.0.0",
  "lockfileVersion": 1,
  "requires": true,
  "dependencies": {
    "font-awesome": {
      "version": "4.7.0",
      "resolved": "https://registry.npmjs.org/font-awesome/-/font-awesome-4.7.0.tgz",
      "integrity": "sha1-j6jPBBGhoxr9B7BtKQK7n8gVoTM="
    },
    "katex": {
      "version": "0.9.0-beta1",
      "resolved": "https://registry.npmjs.org/katex/-/katex-0.9.0-beta1.tgz",
      "integrity": "sha512-M7c7Eihp665Bh9wDR0xg/PdE1OuCa15PsiDQSBYyr+xJR8WrFP8nxdNF1lNUCBPzEup4zECG2jFUIZnU66xBRQ==",
      "requires": {
        "match-at": "0.1.1"
      }
    },
    "match-at": {
      "version": "0.1.1",
      "resolved": "https://registry.npmjs.org/match-at/-/match-at-0.1.1.tgz",
      "integrity": "sha512-h4Yd392z9mST+dzc+yjuybOGFNOZjmXIPKWjxBd1Bb23r4SmDOsk2NYCU2BMUBGbSpZqwVsZYNq26QS3xfaT3Q=="
    }
  }
}
